
Microsoft Visual Studio Solution File, Format Version 12.00
# Visual Studio Version 16
VisualStudioVersion = 16.0.32126.315
MinimumVisualStudioVersion = 10.0.40219.1
Project("{9A19103F-16F7-4668-BE54-9A1E7A4F7556}") = "Digital_Patient", "Digital_Patient\Digital_Patient.csproj", "{2C983C20-CFEA-4712-8206-04B3C98605E8}"
EndProject
Global
	GlobalSection(SolutionConfigurationPlatforms) = preSolution
		Debug|Any CPU = Debug|Any CPU
		Release|Any CPU = Release|Any CPU
	EndGlobalSection
	GlobalSection(ProjectConfigurationPlatforms) = postSolution
		{2C983C20-CFEA-4712-8206-04B3C98605E8}.Debug|Any CPU.ActiveCfg = Debug|Any CPU
		{2C983C20-CFEA-4712-8206-04B3C98605E8}.Debug|Any CPU.Build.0 = Debug|Any CPU
		{2C983C20-CFEA-4712-8206-04B3C98605E8}.Release|Any CPU.ActiveCfg = Release|Any CPU
		{2C983C20-CFEA-4712-8206-04B3C98605E8}.Release|Any CPU.Build.0 = Release|Any CPU
	EndGlobalSection
	GlobalSection(SolutionProperties) = preSolution
		HideSolutionNode = FALSE
	EndGlobalSection
	GlobalSection(ExtensibilityGlobals) = postSolution
		SolutionGuid = {3AD0375A-1114-477F-B26B-B2D39566B074}
	EndGlobalSection
EndGlobal
